
Microsoft Visual Studio Solution File, Format Version 12.00
# Visual Studio Version 17
VisualStudioVersion = 17.5.33424.131
MinimumVisualStudioVersion = 10.0.40219.1
Project("{FAE04EC0-301F-11D3-BF4B-00C04F79EFBC}") = "modul9_1302200003", "modul9_1302200003\modul9_1302200003.csproj", "{A89498E8-1167-4CC8-86A8-C7DC44A98B2E}"
EndProject
Global
	GlobalSection(SolutionConfigurationPlatforms) = preSolution
		Debug|Any CPU = Debug|Any CPU
		Release|Any CPU = Release|Any CPU
	EndGlobalSection
	GlobalSection(ProjectConfigurationPlatforms) = postSolution
		{A89498E8-1167-4CC8-86A8-C7DC44A98B2E}.Debug|Any CPU.ActiveCfg = Debug|Any CPU
		{A89498E8-1167-4CC8-86A8-C7DC44A98B2E}.Debug|Any CPU.Build.0 = Debug|Any CPU
		{A89498E8-1167-4CC8-86A8-C7DC44A98B2E}.Release|Any CPU.ActiveCfg = Release|Any CPU
		{A89498E8-1167-4CC8-86A8-C7DC44A98B2E}.Release|Any CPU.Build.0 = Release|Any CPU
	EndGlobalSection
	GlobalSection(SolutionProperties) = preSolution
		HideSolutionNode = FALSE
	EndGlobalSection
	GlobalSection(ExtensibilityGlobals) = postSolution
		SolutionGuid = {2025384D-8EEC-47C0-8D43-CBB6E3D7B66C}
	EndGlobalSection
EndGlobal
